
Microsoft Visual Studio Solution File, Format Version 12.00
# Visual Studio 15
VisualStudioVersion = 15.0.28307.1169
MinimumVisualStudioVersion = 10.0.40219.1
Project("{FAE04EC0-301F-11D3-BF4B-00C04F79EFBC}") = "01-ByteBank", "01-ByteBank\01-ByteBank.csproj", "{DF427C62-FE47-4779-99C0-CF649A8C1C4B}"
EndProject
Project("{FAE04EC0-301F-11D3-BF4B-00C04F79EFBC}") = "02-ByteBank", "02-ByteBank\02-ByteBank.csproj", "{E4D948BF-5BC1-4039-ACDD-E7EE55684B7F}"
EndProject
Project("{FAE04EC0-301F-11D3-BF4B-00C04F79EFBC}") = "03-ByteBank", "03-ByteBank\03-ByteBank.csproj", "{CABE22BD-2CB9-4EAC-A07B-8445EDD6CABF}"
EndProject
Project("{FAE04EC0-301F-11D3-BF4B-00C04F79EFBC}") = "04-ByteBank", "04-ByteBank\04-ByteBank.csproj", "{F8E5B051-4954-4B34-9620-B5A7A4CD57F3}"
EndProject
Project("{FAE04EC0-301F-11D3-BF4B-00C04F79EFBC}") = "05-ByteBank", "05-ByteBank\05-ByteBank.csproj", "{20F63428-F810-4329-A66F-3A9F59C99837}"
EndProject
Project("{FAE04EC0-301F-11D3-BF4B-00C04F79EFBC}") = "06-ByteBank", "06-ByteBank\06-ByteBank.csproj", "{73A392D6-FEFF-46B0-9877-4B165457C3B8}"
EndProject
Project("{FAE04EC0-301F-11D3-BF4B-00C04F79EFBC}") = "07-ByteBank", "07-ByteBank\07-ByteBank.csproj", "{6A3F31CE-BB83-4EA5-9581-C3313B4E8A98}"
EndProject
Global
	GlobalSection(SolutionConfigurationPlatforms) = preSolution
		Debug|Any CPU = Debug|Any CPU
		Release|Any CPU = Release|Any CPU
	EndGlobalSection
	GlobalSection(ProjectConfigurationPlatforms) = postSolution
		{DF427C62-FE47-4779-99C0-CF649A8C1C4B}.Debug|Any CPU.ActiveCfg = Debug|Any CPU
		{DF427C62-FE47-4779-99C0-CF649A8C1C4B}.Debug|Any CPU.Build.0 = Debug|Any CPU
		{DF427C62-FE47-4779-99C0-CF649A8C1C4B}.Release|Any CPU.ActiveCfg = Release|Any CPU
		{DF427C62-FE47-4779-99C0-CF649A8C1C4B}.Release|Any CPU.Build.0 = Release|Any CPU
		{E4D948BF-5BC1-4039-ACDD-E7EE55684B7F}.Debug|Any CPU.ActiveCfg = Debug|Any CPU
		{E4D948BF-5BC1-4039-ACDD-E7EE55684B7F}.Debug|Any CPU.Build.0 = Debug|Any CPU
		{E4D948BF-5BC1-4039-ACDD-E7EE55684B7F}.Release|Any CPU.ActiveCfg = Release|Any CPU
		{E4D948BF-5BC1-4039-ACDD-E7EE55684B7F}.Release|Any CPU.Build.0 = Release|Any CPU
		{CABE22BD-2CB9-4EAC-A07B-8445EDD6CABF}.Debug|Any CPU.ActiveCfg = Debug|Any CPU
		{CABE22BD-2CB9-4EAC-A07B-8445EDD6CABF}.Debug|Any CPU.Build.0 = Debug|Any CPU
		{CABE22BD-2CB9-4EAC-A07B-8445EDD6CABF}.Release|Any CPU.ActiveCfg = Release|Any CPU
		{CABE22BD-2CB9-4EAC-A07B-8445EDD6CABF}.Release|Any CPU.Build.0 = Release|Any CPU
		{F8E5B051-4954-4B34-9620-B5A7A4CD57F3}.Debug|Any CPU.ActiveCfg = Debug|Any CPU
		{F8E5B051-4954-4B34-9620-B5A7A4CD57F3}.Debug|Any CPU.Build.0 = Debug|Any CPU
		{F8E5B051-4954-4B34-9620-B5A7A4CD57F3}.Release|Any CPU.ActiveCfg = Release|Any CPU
		{F8E5B051-4954-4B34-9620-B5A7A4CD57F3}.Release|Any CPU.Build.0 = Release|Any CPU
		{20F63428-F810-4329-A66F-3A9F59C99837}.Debug|Any CPU.ActiveCfg = Debug|Any CPU
		{20F63428-F810-4329-A66F-3A9F59C99837}.Debug|Any CPU.Build.0 = Debug|Any CPU
		{20F63428-F810-4329-A66F-3A9F59C99837}.Release|Any CPU.ActiveCfg = Release|Any CPU
		{20F63428-F810-4329-A66F-3A9F59C99837}.Release|Any CPU.Build.0 = Release|Any CPU
		{73A392D6-FEFF-46B0-9877-4B165457C3B8}.Debug|Any CPU.ActiveCfg = Debug|Any CPU
		{73A392D6-FEFF-46B0-9877-4B165457C3B8}.Debug|Any CPU.Build.0 = Debug|Any CPU
		{73A392D6-FEFF-46B0-9877-4B165457C3B8}.Release|Any CPU.ActiveCfg = Release|Any CPU
		{73A392D6-FEFF-46B0-9877-4B165457C3B8}.Release|Any CPU.Build.0 = Release|Any CPU
		{6A3F31CE-BB83-4EA5-9581-C3313B4E8A98}.Debug|Any CPU.ActiveCfg = Debug|Any CPU
		{6A3F31CE-BB83-4EA5-9581-C3313B4E8A98}.Debug|Any CPU.Build.0 = Debug|Any CPU
		{6A3F31CE-BB83-4EA5-9581-C3313B4E8A98}.Release|Any CPU.ActiveCfg = Release|Any CPU
		{6A3F31CE-BB83-4EA5-9581-C3313B4E8A98}.Release|Any CPU.Build.0 = Release|Any CPU
	EndGlobalSection
	GlobalSection(SolutionProperties) = preSolution
		HideSolutionNode = FALSE
	EndGlobalSection
	GlobalSection(ExtensibilityGlobals) = postSolution
		SolutionGuid = {7D0D2793-C989-4F71-81F3-C82220EE72B2}
	EndGlobalSection
EndGlobal
